{
  "nodes": {
    "algebra-simple": {
      "inputs": {
        "flake-parts": [
          "flake-parts"
        ],
        "nix-hs-utils": [
          "nix-hs-utils"
        ],
        "nixpkgs": [
          "nixpkgs"
        ]
      },
      "locked": {
        "lastModified": 1738892617,
        "narHash": "sha256-K/l8MIFerpM3qOkCcuIUhxBPs1sjaermx98ojLs0JzI=",
        "owner": "tbidne",
        "repo": "algebra-simple",
        "rev": "37ec7127fbd0f591d4539e4bf72a0badd7569181",
        "type": "github"
      },
      "original": {
        "owner": "tbidne",
        "repo": "algebra-simple",
        "type": "github"
      }
    },
    "bounds": {
      "inputs": {
        "flake-parts": [
          "flake-parts"
        ],
        "nix-hs-utils": [
          "nix-hs-utils"
        ],
        "nixpkgs": [
          "nixpkgs"
        ]
      },
      "locked": {
        "lastModified": 1736903719,
        "narHash": "sha256-FTet9BtDMzNUYAy6xESAC+zuXzSvKgsnYoVvZBYXSpA=",
        "owner": "tbidne",
        "repo": "bounds",
        "rev": "b7ca541cfdd8564bcebe5d38456fe7abf77885b8",
        "type": "github"
      },
      "original": {
        "owner": "tbidne",
        "repo": "bounds",
        "type": "github"
      }
    },
    "exception-utils": {
      "inputs": {
        "flake-parts": [
          "flake-parts"
        ],
        "nix-hs-utils": [
          "nix-hs-utils"
        ],
        "nixpkgs": [
          "nixpkgs"
        ]
      },
      "locked": {
        "lastModified": 1759188314,
        "narHash": "sha256-nSg+I+JeWX8beVmfEeGERY5ZS+JboP9+ih9/L20VrQk=",
        "owner": "tbidne",
        "repo": "exception-utils",
        "rev": "61a9e06a26adcca70d565105a1508a16022435a2",
        "type": "github"
      },
      "original": {
        "owner": "tbidne",
        "repo": "exception-utils",
        "type": "github"
      }
    },
    "flake-parts": {
      "inputs": {
        "nixpkgs-lib": "nixpkgs-lib"
      },
      "locked": {
        "lastModified": 1762040540,
        "narHash": "sha256-z5PlZ47j50VNF3R+IMS9LmzI5fYRGY/Z5O5tol1c9I4=",
        "owner": "hercules-ci",
        "repo": "flake-parts",
        "rev": "0010412d62a25d959151790968765a70c436598b",
        "type": "github"
      },
      "original": {
        "owner": "hercules-ci",
        "repo": "flake-parts",
        "type": "github"
      }
    },
    "fs-utils": {
      "inputs": {
        "flake-parts": [
          "flake-parts"
        ],
        "nix-hs-utils": [
          "nix-hs-utils"
        ],
        "nixpkgs": [
          "nixpkgs"
        ]
      },
      "locked": {
        "lastModified": 1754610884,
        "narHash": "sha256-T9fl7Mw/JeoR9bgxj1Z9MNoUFGR1G5uDL3XrBlqrko8=",
        "owner": "tbidne",
        "repo": "fs-utils",
        "rev": "26136275027fd827574c5004ebd11b659d7abdab",
        "type": "github"
      },
      "original": {
        "owner": "tbidne",
        "repo": "fs-utils",
        "type": "github"
      }
    },
    "kairos": {
      "inputs": {
        "algebra-simple": [
          "algebra-simple"
        ],
        "bounds": [
          "bounds"
        ],
        "exception-utils": [
          "exception-utils"
        ],
        "flake-parts": [
          "flake-parts"
        ],
        "fs-utils": [
          "fs-utils"
        ],
        "monad-effects": [
          "monad-effects"
        ],
        "nix-hs-utils": [
          "nix-hs-utils"
        ],
        "nixpkgs": [
          "nixpkgs"
        ],
        "smart-math": [
          "smart-math"
        ]
      },
      "locked": {
        "lastModified": 1762125697,
        "narHash": "sha256-pxnDKqHXgKzhiCkuGTQrrKdRB51owbfk4+o2aRGfYlU=",
        "owner": "tbidne",
        "repo": "kairos",
        "rev": "e6f6148241db800c7e3b6f937655fedd1158ab6a",
        "type": "github"
      },
      "original": {
        "owner": "tbidne",
        "repo": "kairos",
        "type": "github"
      }
    },
    "monad-effects": {
      "inputs": {
        "algebra-simple": [
          "algebra-simple"
        ],
        "bounds": [
          "bounds"
        ],
        "exception-utils": [
          "exception-utils"
        ],
        "flake-parts": [
          "flake-parts"
        ],
        "fs-utils": [
          "fs-utils"
        ],
        "nix-hs-utils": [
          "nix-hs-utils"
        ],
        "nixpkgs": [
          "nixpkgs"
        ],
        "smart-math": [
          "smart-math"
        ]
      },
      "locked": {
        "lastModified": 1761507234,
        "narHash": "sha256-ewPP9yXvS5BZffsjqkfV8KOE/oVkEB/vAChwAynrVZU=",
        "owner": "tbidne",
        "repo": "monad-effects",
        "rev": "bc18a934ac4a665024e0f47fcbf10c841fecbb13",
        "type": "github"
      },
      "original": {
        "owner": "tbidne",
        "repo": "monad-effects",
        "type": "github"
      }
    },
    "nix-hs-utils": {
      "locked": {
        "lastModified": 1742030678,
        "narHash": "sha256-2bNL8xwtwuwTSE6WrWBu6tg2MF8hhtZWJy/KrDqNchA=",
        "owner": "tbidne",
        "repo": "nix-hs-utils",
        "rev": "4ac2f27bad136886a3f8b2b3c76e1fa53f867cb1",
        "type": "github"
      },
      "original": {
        "owner": "tbidne",
        "repo": "nix-hs-utils",
        "type": "github"
      }
    },
    "nixpkgs": {
      "locked": {
        "lastModified": 1762111121,
        "narHash": "sha256-4vhDuZ7OZaZmKKrnDpxLZZpGIJvAeMtK6FKLJYUtAdw=",
        "owner": "nixos",
        "repo": "nixpkgs",
        "rev": "b3d51a0365f6695e7dd5cdf3e180604530ed33b4",
        "type": "github"
      },
      "original": {
        "owner": "nixos",
        "ref": "nixos-unstable",
        "repo": "nixpkgs",
        "type": "github"
      }
    },
    "nixpkgs-lib": {
      "locked": {
        "lastModified": 1761765539,
        "narHash": "sha256-b0yj6kfvO8ApcSE+QmA6mUfu8IYG6/uU28OFn4PaC8M=",
        "owner": "nix-community",
        "repo": "nixpkgs.lib",
        "rev": "719359f4562934ae99f5443f20aa06c2ffff91fc",
        "type": "github"
      },
      "original": {
        "owner": "nix-community",
        "repo": "nixpkgs.lib",
        "type": "github"
      }
    },
    "pythia": {
      "inputs": {
        "algebra-simple": [
          "algebra-simple"
        ],
        "bounds": [
          "bounds"
        ],
        "exception-utils": [
          "exception-utils"
        ],
        "flake-parts": [
          "flake-parts"
        ],
        "fs-utils": [
          "fs-utils"
        ],
        "kairos": [
          "kairos"
        ],
        "monad-effects": [
          "monad-effects"
        ],
        "nix-hs-utils": [
          "nix-hs-utils"
        ],
        "nixpkgs": [
          "nixpkgs"
        ],
        "si-bytes": [
          "si-bytes"
        ],
        "smart-math": [
          "smart-math"
        ]
      },
      "locked": {
        "lastModified": 1762214990,
        "narHash": "sha256-MReCOZlG09h/GEVLKgme+W0AH8XUD73E7fMG82F4sP0=",
        "owner": "tbidne",
        "repo": "pythia",
        "rev": "eec2082fac2b6d3175e4d4fa27222bece2181f9e",
        "type": "github"
      },
      "original": {
        "owner": "tbidne",
        "repo": "pythia",
        "type": "github"
      }
    },
    "relative-time": {
      "inputs": {
        "algebra-simple": [
          "algebra-simple"
        ],
        "bounds": [
          "bounds"
        ],
        "flake-parts": [
          "flake-parts"
        ],
        "nix-hs-utils": [
          "nix-hs-utils"
        ],
        "nixpkgs": [
          "nixpkgs"
        ]
      },
      "locked": {
        "lastModified": 1747093110,
        "narHash": "sha256-+DFYKTv/4O9KmwXEl+bxwOr5+RsxiZCUqKfAK7RbIkU=",
        "owner": "tbidne",
        "repo": "relative-time",
        "rev": "be79249b8909dba64d3b301025d4d684f46ec2a1",
        "type": "github"
      },
      "original": {
        "owner": "tbidne",
        "repo": "relative-time",
        "type": "github"
      }
    },
    "root": {
      "inputs": {
        "algebra-simple": "algebra-simple",
        "bounds": "bounds",
        "exception-utils": "exception-utils",
        "flake-parts": "flake-parts",
        "fs-utils": "fs-utils",
        "kairos": "kairos",
        "monad-effects": "monad-effects",
        "nix-hs-utils": "nix-hs-utils",
        "nixpkgs": "nixpkgs",
        "pythia": "pythia",
        "relative-time": "relative-time",
        "si-bytes": "si-bytes",
        "smart-math": "smart-math"
      }
    },
    "si-bytes": {
      "inputs": {
        "algebra-simple": [
          "algebra-simple"
        ],
        "bounds": [
          "bounds"
        ],
        "flake-parts": [
          "flake-parts"
        ],
        "nix-hs-utils": [
          "nix-hs-utils"
        ],
        "nixpkgs": [
          "nixpkgs"
        ]
      },
      "locked": {
        "lastModified": 1746482377,
        "narHash": "sha256-vFkMuKQwOTLHQnG0bs6e3eIQz5soHZDGQygDFlnIIUE=",
        "owner": "tbidne",
        "repo": "si-bytes",
        "rev": "baf98b6945e32fc48b2e31e72ab3abaa966c4115",
        "type": "github"
      },
      "original": {
        "owner": "tbidne",
        "repo": "si-bytes",
        "type": "github"
      }
    },
    "smart-math": {
      "inputs": {
        "algebra-simple": [
          "algebra-simple"
        ],
        "bounds": [
          "bounds"
        ],
        "flake-parts": [
          "flake-parts"
        ],
        "nix-hs-utils": [
          "nix-hs-utils"
        ],
        "nixpkgs": [
          "nixpkgs"
        ]
      },
      "locked": {
        "lastModified": 1759615559,
        "narHash": "sha256-vQ0ZSZtDAaIopF47Er/BmsosjAK8vKKTY66el3lET8I=",
        "owner": "tbidne",
        "repo": "smart-math",
        "rev": "4e10a4134f825ba825113955bb97be7f7e28ad6e",
        "type": "github"
      },
      "original": {
        "owner": "tbidne",
        "repo": "smart-math",
        "type": "github"
      }
    }
  },
  "root": "root",
  "version": 7
}
