{
  "nodes": {
    "algebra-simple": {
      "inputs": {
        "flake-parts": [
          "flake-parts"
        ],
        "nix-hs-utils": [
          "nix-hs-utils"
        ],
        "nixpkgs": [
          "nixpkgs"
        ]
      },
      "locked": {
        "lastModified": 1716375788,
        "narHash": "sha256-Np/Zk1CRUpWcwN7nwh414/689mGSNTXldHcjTWj+YzA=",
        "owner": "tbidne",
        "repo": "algebra-simple",
        "rev": "f8590486ec0fc66acf7db20308e1ed6993a52151",
        "type": "github"
      },
      "original": {
        "owner": "tbidne",
        "repo": "algebra-simple",
        "type": "github"
      }
    },
    "bounds": {
      "inputs": {
        "flake-parts": [
          "flake-parts"
        ],
        "nix-hs-utils": [
          "nix-hs-utils"
        ],
        "nixpkgs": [
          "nixpkgs"
        ]
      },
      "locked": {
        "lastModified": 1721861181,
        "narHash": "sha256-PJJl3tH2/BER+MPMj0UwZa1PQLa3/E18k2V/qhZyyJY=",
        "owner": "tbidne",
        "repo": "bounds",
        "rev": "fb05a7288020d2bca0dbe45cd43d2c030f5a238c",
        "type": "github"
      },
      "original": {
        "owner": "tbidne",
        "repo": "bounds",
        "type": "github"
      }
    },
    "exception-utils": {
      "inputs": {
        "flake-parts": [
          "flake-parts"
        ],
        "nix-hs-utils": [
          "nix-hs-utils"
        ],
        "nixpkgs": [
          "nixpkgs"
        ]
      },
      "locked": {
        "lastModified": 1730335978,
        "narHash": "sha256-kn8ip6G4CoB38P7vEzm71u126FOTlO1NCA5mMNpQ4AA=",
        "owner": "tbidne",
        "repo": "exception-utils",
        "rev": "9ecb81e4a16f62736dbe7f90cb1983e7212b0c0f",
        "type": "github"
      },
      "original": {
        "owner": "tbidne",
        "repo": "exception-utils",
        "type": "github"
      }
    },
    "flake-parts": {
      "inputs": {
        "nixpkgs-lib": "nixpkgs-lib"
      },
      "locked": {
        "lastModified": 1730504689,
        "narHash": "sha256-hgmguH29K2fvs9szpq2r3pz2/8cJd2LPS+b4tfNFCwE=",
        "owner": "hercules-ci",
        "repo": "flake-parts",
        "rev": "506278e768c2a08bec68eb62932193e341f55c90",
        "type": "github"
      },
      "original": {
        "owner": "hercules-ci",
        "repo": "flake-parts",
        "type": "github"
      }
    },
    "fs-utils": {
      "inputs": {
        "flake-parts": [
          "flake-parts"
        ],
        "nix-hs-utils": [
          "nix-hs-utils"
        ],
        "nixpkgs": [
          "nixpkgs"
        ]
      },
      "locked": {
        "lastModified": 1731533795,
        "narHash": "sha256-UnHSbqtumGI3FSowobEhELBWETqx70QlUEN0ie1SGoM=",
        "owner": "tbidne",
        "repo": "fs-utils",
        "rev": "3fc40b75e89af85f9babf315a977ab17dc331495",
        "type": "github"
      },
      "original": {
        "owner": "tbidne",
        "repo": "fs-utils",
        "type": "github"
      }
    },
    "monad-effects": {
      "inputs": {
        "algebra-simple": [
          "algebra-simple"
        ],
        "bounds": [
          "bounds"
        ],
        "exception-utils": [
          "exception-utils"
        ],
        "flake-parts": [
          "flake-parts"
        ],
        "fs-utils": [
          "fs-utils"
        ],
        "nix-hs-utils": [
          "nix-hs-utils"
        ],
        "nixpkgs": [
          "nixpkgs"
        ],
        "smart-math": [
          "smart-math"
        ]
      },
      "locked": {
        "lastModified": 1731531099,
        "narHash": "sha256-rQSOKFhczx9N3887XuBxvGLQXfzpR3MuJTmqvE8rxPQ=",
        "owner": "tbidne",
        "repo": "monad-effects",
        "rev": "32ec7ad8b875360fda8230969c0ab5a30ede17aa",
        "type": "github"
      },
      "original": {
        "owner": "tbidne",
        "repo": "monad-effects",
        "type": "github"
      }
    },
    "nix-hs-utils": {
      "locked": {
        "lastModified": 1730953801,
        "narHash": "sha256-RGRGB7HWoD7iNyTEqylkIlmK1TrPH+o8Afl2jZngj9Q=",
        "owner": "tbidne",
        "repo": "nix-hs-utils",
        "rev": "413e36cdd878ae5dee8b581bb1bca77feb4700c8",
        "type": "github"
      },
      "original": {
        "owner": "tbidne",
        "repo": "nix-hs-utils",
        "type": "github"
      }
    },
    "nixpkgs": {
      "locked": {
        "lastModified": 1731676054,
        "narHash": "sha256-OZiZ3m8SCMfh3B6bfGC/Bm4x3qc1m2SVEAlkV6iY7Yg=",
        "owner": "nixos",
        "repo": "nixpkgs",
        "rev": "5e4fbfb6b3de1aa2872b76d49fafc942626e2add",
        "type": "github"
      },
      "original": {
        "owner": "nixos",
        "ref": "nixos-unstable",
        "repo": "nixpkgs",
        "type": "github"
      }
    },
    "nixpkgs-lib": {
      "locked": {
        "lastModified": 1730504152,
        "narHash": "sha256-lXvH/vOfb4aGYyvFmZK/HlsNsr/0CVWlwYvo2rxJk3s=",
        "type": "tarball",
        "url": "https://github.com/NixOS/nixpkgs/archive/cc2f28000298e1269cea6612cd06ec9979dd5d7f.tar.gz"
      },
      "original": {
        "type": "tarball",
        "url": "https://github.com/NixOS/nixpkgs/archive/cc2f28000298e1269cea6612cd06ec9979dd5d7f.tar.gz"
      }
    },
    "pythia": {
      "inputs": {
        "algebra-simple": [
          "algebra-simple"
        ],
        "bounds": [
          "bounds"
        ],
        "exception-utils": [
          "exception-utils"
        ],
        "flake-parts": [
          "flake-parts"
        ],
        "fs-utils": [
          "fs-utils"
        ],
        "monad-effects": [
          "monad-effects"
        ],
        "nix-hs-utils": [
          "nix-hs-utils"
        ],
        "nixpkgs": [
          "nixpkgs"
        ],
        "si-bytes": [
          "si-bytes"
        ],
        "smart-math": [
          "smart-math"
        ],
        "time-conv": [
          "time-conv"
        ]
      },
      "locked": {
        "lastModified": 1731990772,
        "narHash": "sha256-Rt7J0ltKe537D4nj0zUwhxjwz4KtUggfsvhl8D66J6g=",
        "owner": "tbidne",
        "repo": "pythia",
        "rev": "9ad009184281b0f206160d385cc4aceca6efa1bd",
        "type": "github"
      },
      "original": {
        "owner": "tbidne",
        "repo": "pythia",
        "type": "github"
      }
    },
    "relative-time": {
      "inputs": {
        "algebra-simple": [
          "algebra-simple"
        ],
        "bounds": [
          "bounds"
        ],
        "flake-parts": [
          "flake-parts"
        ],
        "nix-hs-utils": [
          "nix-hs-utils"
        ],
        "nixpkgs": [
          "nixpkgs"
        ]
      },
      "locked": {
        "lastModified": 1716380580,
        "narHash": "sha256-Ieg0fGn3ooA356a2lDzfPNar0mm8/mlK6QPua/1X+oQ=",
        "owner": "tbidne",
        "repo": "relative-time",
        "rev": "b3be9b3b904059671ef07dbcbb11b8c04d50ddde",
        "type": "github"
      },
      "original": {
        "owner": "tbidne",
        "repo": "relative-time",
        "type": "github"
      }
    },
    "root": {
      "inputs": {
        "algebra-simple": "algebra-simple",
        "bounds": "bounds",
        "exception-utils": "exception-utils",
        "flake-parts": "flake-parts",
        "fs-utils": "fs-utils",
        "monad-effects": "monad-effects",
        "nix-hs-utils": "nix-hs-utils",
        "nixpkgs": "nixpkgs",
        "pythia": "pythia",
        "relative-time": "relative-time",
        "si-bytes": "si-bytes",
        "smart-math": "smart-math",
        "time-conv": "time-conv"
      }
    },
    "si-bytes": {
      "inputs": {
        "algebra-simple": [
          "algebra-simple"
        ],
        "bounds": [
          "bounds"
        ],
        "flake-parts": [
          "flake-parts"
        ],
        "nix-hs-utils": [
          "nix-hs-utils"
        ],
        "nixpkgs": [
          "nixpkgs"
        ]
      },
      "locked": {
        "lastModified": 1731990143,
        "narHash": "sha256-tfqAOvUM6Dkt5/aY1f+azvkBLrN9xF7j7V8ioS+IWYI=",
        "owner": "tbidne",
        "repo": "si-bytes",
        "rev": "8132d4c7ab1109b2818832bae13eccff398f7aa3",
        "type": "github"
      },
      "original": {
        "owner": "tbidne",
        "repo": "si-bytes",
        "type": "github"
      }
    },
    "smart-math": {
      "inputs": {
        "algebra-simple": [
          "algebra-simple"
        ],
        "bounds": [
          "bounds"
        ],
        "flake-parts": [
          "flake-parts"
        ],
        "nix-hs-utils": [
          "nix-hs-utils"
        ],
        "nixpkgs": [
          "nixpkgs"
        ]
      },
      "locked": {
        "lastModified": 1723092125,
        "narHash": "sha256-rH/RX89JG6oNUz4qnCP1Yvip19z2sB+Ry1rmIIdpqT0=",
        "owner": "tbidne",
        "repo": "smart-math",
        "rev": "d07ba621a076416f2724bb8876a4d3ad7ed8a10e",
        "type": "github"
      },
      "original": {
        "owner": "tbidne",
        "repo": "smart-math",
        "type": "github"
      }
    },
    "time-conv": {
      "inputs": {
        "algebra-simple": [
          "algebra-simple"
        ],
        "bounds": [
          "bounds"
        ],
        "exception-utils": [
          "exception-utils"
        ],
        "flake-parts": [
          "flake-parts"
        ],
        "fs-utils": [
          "fs-utils"
        ],
        "monad-effects": [
          "monad-effects"
        ],
        "nix-hs-utils": [
          "nix-hs-utils"
        ],
        "nixpkgs": [
          "nixpkgs"
        ]
      },
      "locked": {
        "lastModified": 1731989054,
        "narHash": "sha256-GA2dl54T6FJknhpvNhwztxDkehkNWdamOSdT25LGYzg=",
        "owner": "tbidne",
        "repo": "time-conv",
        "rev": "971a560f3ccfd7d8ea974affa85492f91713359c",
        "type": "github"
      },
      "original": {
        "owner": "tbidne",
        "repo": "time-conv",
        "type": "github"
      }
    }
  },
  "root": "root",
  "version": 7
}
