# This file was autogenerated by Stack.
# You should not edit this file by hand.
# For more information, please see the documentation at:
#   https://docs.haskellstack.org/en/stable/lock_files

packages:
- completed:
    pantry-tree:
      sha256: 9b555f4b4c61a3a92680bba864c95ce428cce2715399c12b27669abb6cdbd479
      size: 264
    hackage: fdo-notify-0.3.1@sha256:9cfb75a5a0d5e4b1d40b0b4dbcc6bb29e58f21e4e14c83e2ffe1ca78bdee59d8,734
  original:
    hackage: fdo-notify-0.3.1@sha256:9cfb75a5a0d5e4b1d40b0b4dbcc6bb29e58f21e4e14c83e2ffe1ca78bdee59d8,734
- completed:
    pantry-tree:
      sha256: 8e33ac2f8d2db754cf11d1439fa970dbf14c6756746426ba89f54a7183a9d2d7
      size: 981
    hackage: package-version-0.1.0.0@sha256:bb9fc93e905540aa8e1b32f80c2dc82756a4481c63779bd92e3796ed8085ab98,2854
  original:
    hackage: package-version-0.1.0.0@sha256:bb9fc93e905540aa8e1b32f80c2dc82756a4481c63779bd92e3796ed8085ab98,2854
- completed:
    pantry-tree:
      sha256: 8f4be57eedd319a0af20c0f001fda8124164ae4623627127cee591c0412bca6b
      size: 2411
    hackage: toml-reader-0.1.0.0@sha256:66e2b4261739559e6d1be50391af7038610c3898bc748ce7985c4e4037b623ea,3559
  original:
    hackage: toml-reader-0.1.0.0@sha256:66e2b4261739559e6d1be50391af7038610c3898bc748ce7985c4e4037b623ea,3559
- completed:
    name: algebra-simple
    pantry-tree:
      sha256: 054da92da6e250783a99efa3f148540e8843b74f9abfe84967d1e5896b76c764
      size: 4196
    commit: 5d9288b1e2149a1bb6db28d694c5528c0aef3cbd
    git: https://github.com/tbidne/algebra-simple.git
    version: '0.1'
  original:
    commit: 5d9288b1e2149a1bb6db28d694c5528c0aef3cbd
    git: https://github.com/tbidne/algebra-simple.git
- completed:
    name: byte-types
    pantry-tree:
      sha256: 6943d0107f38711e07745147b35139f70e991e5260931938c41dcd08448923ef
      size: 3458
    commit: da898995e2a96d6993c5771883a04894c5455f4d
    git: https://github.com/tbidne/byte-types.git
    version: '0.1'
  original:
    commit: da898995e2a96d6993c5771883a04894c5455f4d
    git: https://github.com/tbidne/byte-types.git
- completed:
    name: pythia
    pantry-tree:
      sha256: 39e00b374aaa040e07b2e4e396bfac32020dceb128e52ab6a0bf61fcaf475e2f
      size: 4482
    commit: aff55bc7a3a754d9bf4dd107fdcc7bcaf460cbe6
    git: https://github.com/tbidne/pythia.git
    version: '0.1'
  original:
    commit: aff55bc7a3a754d9bf4dd107fdcc7bcaf460cbe6
    git: https://github.com/tbidne/pythia.git
- completed:
    name: relative-time
    pantry-tree:
      sha256: ce7e76ffe10bdf9debe195a09e236c3bed6ca6bd2538b8944aa7724f546e8083
      size: 1591
    commit: dd4bf2a37bc22763eed6c9bf80ada9b323fb7a22
    git: https://github.com/tbidne/relative-time.git
    version: '0.1'
  original:
    commit: dd4bf2a37bc22763eed6c9bf80ada9b323fb7a22
    git: https://github.com/tbidne/relative-time.git
- completed:
    name: smart-math
    pantry-tree:
      sha256: f708fc43ee8bcfb62e9fae669fb2a7e66a25dee655c8731199a82d77de0d4206
      size: 3196
    commit: 91de961c2606c72fdd2cec3ad76372448b28ee50
    git: https://github.com/tbidne/smart-math.git
    version: '0.1'
  original:
    commit: 91de961c2606c72fdd2cec3ad76372448b28ee50
    git: https://github.com/tbidne/smart-math.git
- completed:
    name: time-conv
    pantry-tree:
      sha256: 41fd26ae1551977ea80c953397445aaf23aeacc36f556a806511ac945d655e90
      size: 1637
    commit: 12bff1c3aede0783a56d1b04590a13ee60437c98
    git: https://github.com/tbidne/time-conv.git
    version: '0.1'
  original:
    commit: 12bff1c3aede0783a56d1b04590a13ee60437c98
    git: https://github.com/tbidne/time-conv.git
snapshots:
- completed:
    sha256: f749167ba2a9ff2fcd0434bbd76a17a277572e90798617bc024d40a5324ce2af
    size: 616346
    url: https://raw.githubusercontent.com/commercialhaskell/stackage-snapshots/master/nightly/2022/7/7.yaml
  original: nightly-2022-07-07
