# This file was autogenerated by Stack.
# You should not edit this file by hand.
# For more information, please see the documentation at:
#   https://docs.haskellstack.org/en/stable/lock_files

packages:
- completed:
    hackage: fdo-notify-0.3.1@sha256:9cfb75a5a0d5e4b1d40b0b4dbcc6bb29e58f21e4e14c83e2ffe1ca78bdee59d8,734
    pantry-tree:
      size: 264
      sha256: 9b555f4b4c61a3a92680bba864c95ce428cce2715399c12b27669abb6cdbd479
  original:
    hackage: fdo-notify-0.3.1@sha256:9cfb75a5a0d5e4b1d40b0b4dbcc6bb29e58f21e4e14c83e2ffe1ca78bdee59d8,734
- completed:
    hackage: package-version-0.1.0.0@sha256:bb9fc93e905540aa8e1b32f80c2dc82756a4481c63779bd92e3796ed8085ab98,2854
    pantry-tree:
      size: 981
      sha256: 8e33ac2f8d2db754cf11d1439fa970dbf14c6756746426ba89f54a7183a9d2d7
  original:
    hackage: package-version-0.1.0.0@sha256:bb9fc93e905540aa8e1b32f80c2dc82756a4481c63779bd92e3796ed8085ab98,2854
- completed:
    name: algebra-simple
    version: 0.1.0.0
    git: https://github.com/tbidne/algebra-simple.git
    pantry-tree:
      size: 3564
      sha256: d2b66c2eb6a05ae6d4228c24685770ef10552a60bd221f2f6d69483c5916b410
    commit: 325be17d256d257cedfada4087beddaf5d2ec7c2
  original:
    git: https://github.com/tbidne/algebra-simple.git
    commit: 325be17d256d257cedfada4087beddaf5d2ec7c2
- completed:
    name: pythia
    version: 0.1.0.0
    git: https://github.com/tbidne/pythia.git
    pantry-tree:
      size: 3182
      sha256: b190b8d2f6ca806e6e59b9016f2927edf2baa997f3e51be1f7c5f817da228f68
    commit: 7d8082643c0e78c41f35f0d4bab226cb0794550f
  original:
    git: https://github.com/tbidne/pythia.git
    commit: 7d8082643c0e78c41f35f0d4bab226cb0794550f
- completed:
    name: refined-extras
    version: 0.1.0.0
    git: https://github.com/tbidne/refined-extras.git
    pantry-tree:
      size: 2856
      sha256: 136aa3e977698370381bfb07b560b81ec53d35029e46e184006af9d900a89aed
    commit: bcee9c3c3d838243134166937c74d64c707fa236
  original:
    git: https://github.com/tbidne/refined-extras.git
    commit: bcee9c3c3d838243134166937c74d64c707fa236
- completed:
    name: smart-math
    version: 0.1.0.0
    git: https://github.com/tbidne/smart-math.git
    pantry-tree:
      size: 3428
      sha256: 4100a7493c5a3cd880472c7e50a0bb2328382e30f20c9f7f11e3d8b66e342174
    commit: c76b316979c2f704bb3959d073c1ed0b24034103
  original:
    git: https://github.com/tbidne/smart-math.git
    commit: c76b316979c2f704bb3959d073c1ed0b24034103
snapshots:
- completed:
    size: 517915
    url: https://raw.githubusercontent.com/commercialhaskell/stackage-snapshots/master/nightly/2022/3/23.yaml
    sha256: cb8f5a11e08dfb56a756ae96455346488efb1dadef3d8670d8c566ce6625e6ce
  original: nightly-2022-03-23
