# This file was autogenerated by Stack.
# You should not edit this file by hand.
# For more information, please see the documentation at:
#   https://docs.haskellstack.org/en/stable/lock_files

packages:
- completed:
    pantry-tree:
      sha256: 9b555f4b4c61a3a92680bba864c95ce428cce2715399c12b27669abb6cdbd479
      size: 264
    hackage: fdo-notify-0.3.1@sha256:9cfb75a5a0d5e4b1d40b0b4dbcc6bb29e58f21e4e14c83e2ffe1ca78bdee59d8,734
  original:
    hackage: fdo-notify-0.3.1@sha256:9cfb75a5a0d5e4b1d40b0b4dbcc6bb29e58f21e4e14c83e2ffe1ca78bdee59d8,734
- completed:
    pantry-tree:
      sha256: 8e33ac2f8d2db754cf11d1439fa970dbf14c6756746426ba89f54a7183a9d2d7
      size: 981
    hackage: package-version-0.1.0.0@sha256:bb9fc93e905540aa8e1b32f80c2dc82756a4481c63779bd92e3796ed8085ab98,2854
  original:
    hackage: package-version-0.1.0.0@sha256:bb9fc93e905540aa8e1b32f80c2dc82756a4481c63779bd92e3796ed8085ab98,2854
- completed:
    pantry-tree:
      sha256: 0e3bdbd32955944c3ee9ff0f47dc765d25ab6be4a336c6d735eed8eb9bc8ce27
      size: 6430
    hackage: tomland-1.3.3.1@sha256:83a8fd26a97164100541f7b26aa40ffdc6f230b21e94cbb3eae1fb7093c4356e,8924
  original:
    hackage: tomland-1.3.3.1@sha256:83a8fd26a97164100541f7b26aa40ffdc6f230b21e94cbb3eae1fb7093c4356e,8924
- completed:
    pantry-tree:
      sha256: bf72fe4304690da4b5bc6e5218b0f90b5613e7d658f3ce31731816a423fcbca6
      size: 696
    hackage: validation-selective-0.1.0.1@sha256:9a5aa8b801efc6a4ffb120e1b28e80c5f7d090043be56bba11222cd20c393044,3621
  original:
    hackage: validation-selective-0.1.0.1@sha256:9a5aa8b801efc6a4ffb120e1b28e80c5f7d090043be56bba11222cd20c393044,3621
- completed:
    name: algebra-simple
    pantry-tree:
      sha256: 9946b6fc1b6d0f3b9f36c7e1348183ba047500f27af21f8ed3d687e8dcac58a4
      size: 4282
    commit: be105b31e3bd2bc00c69cd5c1e869294b26fbb17
    git: https://github.com/tbidne/algebra-simple.git
    version: '0.1'
  original:
    commit: be105b31e3bd2bc00c69cd5c1e869294b26fbb17
    git: https://github.com/tbidne/algebra-simple.git
- completed:
    name: byte-types
    pantry-tree:
      sha256: c8e141bce89f888101c43669ea849706ceed0cde4c4a0818494077cc193e8d2b
      size: 3229
    commit: 60e7ad675f017cbd8467bef649cfcea48f626ab5
    git: https://github.com/tbidne/byte-types.git
    version: '0.1'
  original:
    commit: 60e7ad675f017cbd8467bef649cfcea48f626ab5
    git: https://github.com/tbidne/byte-types.git
- completed:
    name: env-guard
    pantry-tree:
      sha256: 9316c18d5e16921505028dca43257cd98e8fd467b76e49554e3b969da63590e2
      size: 1335
    commit: 89a68d033d0671239b5e5e4a31f4355c46d4b6d3
    git: https://github.com/tbidne/env-guard.git
    version: '0.1'
  original:
    commit: 89a68d033d0671239b5e5e4a31f4355c46d4b6d3
    git: https://github.com/tbidne/env-guard.git
- completed:
    name: pythia
    pantry-tree:
      sha256: a5c4bb3882b7fc8ccabaa09c21195c3185b55e1f886478ecc37e229ea8657ada
      size: 4482
    commit: 9088124cd1ac3514b26dc636487c490fce99d218
    git: https://github.com/tbidne/pythia.git
    version: '0.1'
  original:
    commit: 9088124cd1ac3514b26dc636487c490fce99d218
    git: https://github.com/tbidne/pythia.git
- completed:
    name: relative-time
    pantry-tree:
      sha256: ce7e76ffe10bdf9debe195a09e236c3bed6ca6bd2538b8944aa7724f546e8083
      size: 1591
    commit: dd4bf2a37bc22763eed6c9bf80ada9b323fb7a22
    git: https://github.com/tbidne/relative-time.git
    version: '0.1'
  original:
    commit: dd4bf2a37bc22763eed6c9bf80ada9b323fb7a22
    git: https://github.com/tbidne/relative-time.git
- completed:
    name: smart-math
    pantry-tree:
      sha256: 056a6c94c6266680df3b027ad3e0b1f9ac94026919210decdc135d0c16cae09a
      size: 3357
    commit: 652cf1c7b61c1c8b67ce1ce1b4ecea77173b947a
    git: https://github.com/tbidne/smart-math.git
    version: '0.1'
  original:
    commit: 652cf1c7b61c1c8b67ce1ce1b4ecea77173b947a
    git: https://github.com/tbidne/smart-math.git
snapshots:
- completed:
    sha256: d4ee004c46ba878d2f304f5d748d493057be579192a8d148527f3ba55c9df57f
    size: 618683
    url: https://raw.githubusercontent.com/commercialhaskell/stackage-snapshots/master/lts/19/4.yaml
  original: lts-19.4
